
Microsoft Visual Studio Solution File, Format Version 12.00
# Visual Studio Version 17
VisualStudioVersion = 17.0.31903.59
MinimumVisualStudioVersion = 10.0.40219.1
Project("{2150E333-8FDC-42A3-9474-1A3956D46DE8}") = "src", "src", "{EE07ADAE-F375-4BEF-B76E-71F3BA2DE0D0}"
EndProject
Project("{FAE04EC0-301F-11D3-BF4B-00C04F79EFBC}") = "ResourceServer", "src\ResourceServer\ResourceServer.csproj", "{ED001C4E-21F9-4977-A523-43F7C9228FE6}"
EndProject
Project("{FAE04EC0-301F-11D3-BF4B-00C04F79EFBC}") = "Gateway", "src\Gateway\Gateway.csproj", "{0DF7BFF2-FA02-4595-A5D1-5AB0589834B5}"
EndProject
Global
	GlobalSection(SolutionConfigurationPlatforms) = preSolution
		Debug|Any CPU = Debug|Any CPU
		Release|Any CPU = Release|Any CPU
	EndGlobalSection
	GlobalSection(SolutionProperties) = preSolution
		HideSolutionNode = FALSE
	EndGlobalSection
	GlobalSection(ProjectConfigurationPlatforms) = postSolution
		{ED001C4E-21F9-4977-A523-43F7C9228FE6}.Debug|Any CPU.ActiveCfg = Debug|Any CPU
		{ED001C4E-21F9-4977-A523-43F7C9228FE6}.Debug|Any CPU.Build.0 = Debug|Any CPU
		{ED001C4E-21F9-4977-A523-43F7C9228FE6}.Release|Any CPU.ActiveCfg = Release|Any CPU
		{ED001C4E-21F9-4977-A523-43F7C9228FE6}.Release|Any CPU.Build.0 = Release|Any CPU
		{0DF7BFF2-FA02-4595-A5D1-5AB0589834B5}.Debug|Any CPU.ActiveCfg = Debug|Any CPU
		{0DF7BFF2-FA02-4595-A5D1-5AB0589834B5}.Debug|Any CPU.Build.0 = Debug|Any CPU
		{0DF7BFF2-FA02-4595-A5D1-5AB0589834B5}.Release|Any CPU.ActiveCfg = Release|Any CPU
		{0DF7BFF2-FA02-4595-A5D1-5AB0589834B5}.Release|Any CPU.Build.0 = Release|Any CPU
	EndGlobalSection
	GlobalSection(NestedProjects) = preSolution
		{ED001C4E-21F9-4977-A523-43F7C9228FE6} = {EE07ADAE-F375-4BEF-B76E-71F3BA2DE0D0}
		{0DF7BFF2-FA02-4595-A5D1-5AB0589834B5} = {EE07ADAE-F375-4BEF-B76E-71F3BA2DE0D0}
	EndGlobalSection
EndGlobal
